// !$*UTF8*$!
{
	archiveVersion = 1;
	classes = {
	};
	objectVersion = 48;
	objects = {

/* Begin PBXBuildFile section */
		85C009371FB340D700756247 /* AppDelegate.swift in Sources */ = {isa = PBXBuildFile; fileRef = 85C009361FB340D700756247 /* AppDelegate.swift */; };
		85C009391FB340D800756247 /* ViewController.swift in Sources */ = {isa = PBXBuildFile; fileRef = 85C009381FB340D800756247 /* ViewController.swift */; };
		85C0093C1FB340D800756247 /* Main.storyboard in Resources */ = {isa = PBXBuildFile; fileRef = 85C0093A1FB340D800756247 /* Main.storyboard */; };
		85C0093E1FB340DA00756247 /* Assets.xcassets in Resources */ = {isa = PBXBuildFile; fileRef = 85C0093D1FB340DA00756247 /* Assets.xcassets */; };
		85C009411FB340DA00756247 /* LaunchScreen.storyboard in Resources */ = {isa = PBXBuildFile; fileRef = 85C0093F1FB340DA00756247 /* LaunchScreen.storyboard */; };
		85C009501FB3451E00756247 /* Bolts.framework in Frameworks */ = {isa = PBXBuildFile; fileRef = 85C0094C1FB3451E00756247 /* Bolts.framework */; };
		85C009511FB3451E00756247 /* FBSDKCoreKit.framework in Frameworks */ = {isa = PBXBuildFile; fileRef = 85C0094D1FB3451E00756247 /* FBSDKCoreKit.framework */; };
		85C009521FB3451E00756247 /* FBSDKLoginKit.framework in Frameworks */ = {isa = PBXBuildFile; fileRef = 85C0094E1FB3451E00756247 /* FBSDKLoginKit.framework */; };
		85C009531FB3451E00756247 /* FBSDKShareKit.framework in Frameworks */ = {isa = PBXBuildFile; fileRef = 85C0094F1FB3451E00756247 /* FBSDKShareKit.framework */; };
		85DD70671FB591C100E7CEC3 /* ShareViewController.swift in Sources */ = {isa = PBXBuildFile; fileRef = 85DD70661FB591C100E7CEC3 /* ShareViewController.swift */; };
/* End PBXBuildFile section */

/* Begin PBXFileReference section */
		85C009331FB340D700756247 /* SocialMediaSharing.app */ = {isa = PBXFileReference; explicitFileType = wrapper.application; includeInIndex = 0; path = SocialMediaSharing.app; sourceTree = BUILT_PRODUCTS_DIR; };
		85C009361FB340D700756247 /* AppDelegate.swift */ = {isa = PBXFileReference; lastKnownFileType = sourcecode.swift; path = AppDelegate.swift; sourceTree = "<group>"; };
		85C009381FB340D800756247 /* ViewController.swift */ = {isa = PBXFileReference; lastKnownFileType = sourcecode.swift; path = ViewController.swift; sourceTree = "<group>"; };
		85C0093B1FB340D800756247 /* Base */ = {isa = PBXFileReference; lastKnownFileType = file.storyboard; name = Base; path = Base.lproj/Main.storyboard; sourceTree = "<group>"; };
		85C0093D1FB340DA00756247 /* Assets.xcassets */ = {isa = PBXFileReference; lastKnownFileType = folder.assetcatalog; path = Assets.xcassets; sourceTree = "<group>"; };
		85C009401FB340DA00756247 /* Base */ = {isa = PBXFileReference; lastKnownFileType = file.storyboard; name = Base; path = Base.lproj/LaunchScreen.storyboard; sourceTree = "<group>"; };
		85C009421FB340DA00756247 /* Info.plist */ = {isa = PBXFileReference; lastKnownFileType = text.plist.xml; path = Info.plist; sourceTree = "<group>"; };
		85C0094C1FB3451E00756247 /* Bolts.framework */ = {isa = PBXFileReference; lastKnownFileType = wrapper.framework; path = Bolts.framework; sourceTree = "<group>"; };
		85C0094D1FB3451E00756247 /* FBSDKCoreKit.framework */ = {isa = PBXFileReference; lastKnownFileType = wrapper.framework; path = FBSDKCoreKit.framework; sourceTree = "<group>"; };
		85C0094E1FB3451E00756247 /* FBSDKLoginKit.framework */ = {isa = PBXFileReference; lastKnownFileType = wrapper.framework; path = FBSDKLoginKit.framework; sourceTree = "<group>"; };
		85C0094F1FB3451E00756247 /* FBSDKShareKit.framework */ = {isa = PBXFileReference; lastKnownFileType = wrapper.framework; path = FBSDKShareKit.framework; sourceTree = "<group>"; };
		85C009541FB3471400756247 /* SocialMediaSharing-Bridging-Header.h */ = {isa = PBXFileReference; lastKnownFileType = sourcecode.c.h; path = "SocialMediaSharing-Bridging-Header.h"; sourceTree = "<group>"; };
		85DD70661FB591C100E7CEC3 /* ShareViewController.swift */ = {isa = PBXFileReference; lastKnownFileType = sourcecode.swift; path = ShareViewController.swift; sourceTree = "<group>"; };
/* End PBXFileReference section */

/* Begin PBXFrameworksBuildPhase section */
		85C009301FB340D600756247 /* Frameworks */ = {
			isa = PBXFrameworksBuildPhase;
			buildActionMask = 2147483647;
			files = (
				85C009531FB3451E00756247 /* FBSDKShareKit.framework in Frameworks */,
				85C009501FB3451E00756247 /* Bolts.framework in Frameworks */,
				85C009511FB3451E00756247 /* FBSDKCoreKit.framework in Frameworks */,
				85C009521FB3451E00756247 /* FBSDKLoginKit.framework in Frameworks */,
			);
			runOnlyForDeploymentPostprocessing = 0;
		};
/* End PBXFrameworksBuildPhase section */

/* Begin PBXGroup section */
		85C0092A1FB340D500756247 = {
			isa = PBXGroup;
			children = (
				85C009351FB340D700756247 /* SocialMediaSharing */,
				85C009341FB340D700756247 /* Products */,
			);
			sourceTree = "<group>";
		};
		85C009341FB340D700756247 /* Products */ = {
			isa = PBXGroup;
			children = (
				85C009331FB340D700756247 /* SocialMediaSharing.app */,
			);
			name = Products;
			sourceTree = "<group>";
		};
		85C009351FB340D700756247 /* SocialMediaSharing */ = {
			isa = PBXGroup;
			children = (
				85C0094B1FB3451E00756247 /* FacebookSDK */,
				85C009361FB340D700756247 /* AppDelegate.swift */,
				85C009381FB340D800756247 /* ViewController.swift */,
				85C0093A1FB340D800756247 /* Main.storyboard */,
				85C0093D1FB340DA00756247 /* Assets.xcassets */,
				85C0093F1FB340DA00756247 /* LaunchScreen.storyboard */,
				85C009421FB340DA00756247 /* Info.plist */,
				85C009541FB3471400756247 /* SocialMediaSharing-Bridging-Header.h */,
				85DD70661FB591C100E7CEC3 /* ShareViewController.swift */,
			);
			path = SocialMediaSharing;
			sourceTree = "<group>";
		};
		85C0094B1FB3451E00756247 /* FacebookSDK */ = {
			isa = PBXGroup;
			children = (
				85C0094C1FB3451E00756247 /* Bolts.framework */,
				85C0094D1FB3451E00756247 /* FBSDKCoreKit.framework */,
				85C0094E1FB3451E00756247 /* FBSDKLoginKit.framework */,
				85C0094F1FB3451E00756247 /* FBSDKShareKit.framework */,
			);
			path = FacebookSDK;
			sourceTree = "<group>";
		};
/* End PBXGroup section */

/* Begin PBXNativeTarget section */
		85C009321FB340D600756247 /* SocialMediaSharing */ = {
			isa = PBXNativeTarget;
			buildConfigurationList = 85C009451FB340DA00756247 /* Build configuration list for PBXNativeTarget "SocialMediaSharing" */;
			buildPhases = (
				85C0092F1FB340D600756247 /* Sources */,
				85C009301FB340D600756247 /* Frameworks */,
				85C009311FB340D600756247 /* Resources */,
			);
			buildRules = (
			);
			dependencies = (
			);
			name = SocialMediaSharing;
			productName = SocialMediaSharing;
			productReference = 85C009331FB340D700756247 /* SocialMediaSharing.app */;
			productType = "com.apple.product-type.application";
		};
/* End PBXNativeTarget section */

/* Begin PBXProject section */
		85C0092B1FB340D500756247 /* Project object */ = {
			isa = PBXProject;
			attributes = {
				LastSwiftUpdateCheck = 0900;
				LastUpgradeCheck = 0900;
				ORGANIZATIONNAME = "Mallow Technologies Private Limited";
				TargetAttributes = {
					85C009321FB340D600756247 = {
						CreatedOnToolsVersion = 9.0;
						ProvisioningStyle = Automatic;
					};
				};
			};
			buildConfigurationList = 85C0092E1FB340D500756247 /* Build configuration list for PBXProject "SocialMediaSharing" */;
			compatibilityVersion = "Xcode 8.0";
			developmentRegion = en;
			hasScannedForEncodings = 0;
			knownRegions = (
				en,
				Base,
			);
			mainGroup = 85C0092A1FB340D500756247;
			productRefGroup = 85C009341FB340D700756247 /* Products */;
			projectDirPath = "";
			projectRoot = "";
			targets = (
				85C009321FB340D600756247 /* SocialMediaSharing */,
			);
		};
/* End PBXProject section */

/* Begin PBXResourcesBuildPhase section */
		85C009311FB340D600756247 /* Resources */ = {
			isa = PBXResourcesBuildPhase;
			buildActionMask = 2147483647;
			files = (
				85C009411FB340DA00756247 /* LaunchScreen.storyboard in Resources */,
				85C0093E1FB340DA00756247 /* Assets.xcassets in Resources */,
				85C0093C1FB340D800756247 /* Main.storyboard in Resources */,
			);
			runOnlyForDeploymentPostprocessing = 0;
		};
/* End PBXResourcesBuildPhase section */

/* Begin PBXSourcesBuildPhase section */
		85C0092F1FB340D600756247 /* Sources */ = {
			isa = PBXSourcesBuildPhase;
			buildActionMask = 2147483647;
			files = (
				85DD70671FB591C100E7CEC3 /* ShareViewController.swift in Sources */,
				85C009391FB340D800756247 /* ViewController.swift in Sources */,
				85C009371FB340D700756247 /* AppDelegate.swift in Sources */,
			);
			runOnlyForDeploymentPostprocessing = 0;
		};
/* End PBXSourcesBuildPhase section */

/* Begin PBXVariantGroup section */
		85C0093A1FB340D800756247 /* Main.storyboard */ = {
			isa = PBXVariantGroup;
			children = (
				85C0093B1FB340D800756247 /* Base */,
			);
			name = Main.storyboard;
			sourceTree = "<group>";
		};
		85C0093F1FB340DA00756247 /* LaunchScreen.storyboard */ = {
			isa = PBXVariantGroup;
			children = (
				85C009401FB340DA00756247 /* Base */,
			);
			name = LaunchScreen.storyboard;
			sourceTree = "<group>";
		};
/* End PBXVariantGroup section */

/* Begin XCBuildConfiguration section */
		85C009431FB340DA00756247 /* Debug */ = {
			isa = XCBuildConfiguration;
			buildSettings = {
				ALWAYS_SEARCH_USER_PATHS = NO;
				CLANG_ANALYZER_NONNULL = YES;
				CLANG_ANALYZER_NUMBER_OBJECT_CONVERSION = YES_AGGRESSIVE;
				CLANG_CXX_LANGUAGE_STANDARD = "gnu++14";
				CLANG_CXX_LIBRARY = "libc++";
				CLANG_ENABLE_MODULES = YES;
				CLANG_ENABLE_OBJC_ARC = YES;
				CLANG_WARN_BLOCK_CAPTURE_AUTORELEASING = YES;
				CLANG_WARN_BOOL_CONVERSION = YES;
				CLANG_WARN_COMMA = YES;
				CLANG_WARN_CONSTANT_CONVERSION = YES;
				CLANG_WARN_DIRECT_OBJC_ISA_USAGE = YES_ERROR;
				CLANG_WARN_DOCUMENTATION_COMMENTS = YES;
				CLANG_WARN_EMPTY_BODY = YES;
				CLANG_WARN_ENUM_CONVERSION = YES;
				CLANG_WARN_INFINITE_RECURSION = YES;
				CLANG_WARN_INT_CONVERSION = YES;
				CLANG_WARN_NON_LITERAL_NULL_CONVERSION = YES;
				CLANG_WARN_OBJC_LITERAL_CONVERSION = YES;
				CLANG_WARN_OBJC_ROOT_CLASS = YES_ERROR;
				CLANG_WARN_RANGE_LOOP_ANALYSIS = YES;
				CLANG_WARN_STRICT_PROTOTYPES = YES;
				CLANG_WARN_SUSPICIOUS_MOVE = YES;
				CLANG_WARN_UNGUARDED_AVAILABILITY = YES_AGGRESSIVE;
				CLANG_WARN_UNREACHABLE_CODE = YES;
				CLANG_WARN__DUPLICATE_METHOD_MATCH = YES;
				CODE_SIGN_IDENTITY = "iPhone Developer";
				COPY_PHASE_STRIP = NO;
				DEBUG_INFORMATION_FORMAT = dwarf;
				ENABLE_STRICT_OBJC_MSGSEND = YES;
				ENABLE_TESTABILITY = YES;
				GCC_C_LANGUAGE_STANDARD = gnu11;
				GCC_DYNAMIC_NO_PIC = NO;
				GCC_NO_COMMON_BLOCKS = YES;
				GCC_OPTIMIZATION_LEVEL = 0;
				GCC_PREPROCESSOR_DEFINITIONS = (
					"DEBUG=1",
					"$(inherited)",
				);
				GCC_WARN_64_TO_32_BIT_CONVERSION = YES;
				GCC_WARN_ABOUT_RETURN_TYPE = YES_ERROR;
				GCC_WARN_UNDECLARED_SELECTOR = YES;
				GCC_WARN_UNINITIALIZED_AUTOS = YES_AGGRESSIVE;
				GCC_WARN_UNUSED_FUNCTION = YES;
				GCC_WARN_UNUSED_VARIABLE = YES;
				IPHONEOS_DEPLOYMENT_TARGET = 11.0;
				MTL_ENABLE_DEBUG_INFO = YES;
				ONLY_ACTIVE_ARCH = YES;
				SDKROOT = iphoneos;
				SWIFT_ACTIVE_COMPILATION_CONDITIONS = DEBUG;
				SWIFT_OPTIMIZATION_LEVEL = "-Onone";
			};
			name = Debug;
		};
		85C009441FB340DA00756247 /* Release */ = {
			isa = XCBuildConfiguration;
			buildSettings = {
				ALWAYS_SEARCH_USER_PATHS = NO;
				CLANG_ANALYZER_NONNULL = YES;
				CLANG_ANALYZER_NUMBER_OBJECT_CONVERSION = YES_AGGRESSIVE;
				CLANG_CXX_LANGUAGE_STANDARD = "gnu++14";
				CLANG_CXX_LIBRARY = "libc++";
				CLANG_ENABLE_MODULES = YES;
				CLANG_ENABLE_OBJC_ARC = YES;
				CLANG_WARN_BLOCK_CAPTURE_AUTORELEASING = YES;
				CLANG_WARN_BOOL_CONVERSION = YES;
				CLANG_WARN_COMMA = YES;
				CLANG_WARN_CONSTANT_CONVERSION = YES;
				CLANG_WARN_DIRECT_OBJC_ISA_USAGE = YES_ERROR;
				CLANG_WARN_DOCUMENTATION_COMMENTS = YES;
				CLANG_WARN_EMPTY_BODY = YES;
				CLANG_WARN_ENUM_CONVERSION = YES;
				CLANG_WARN_INFINITE_RECURSION = YES;
				CLANG_WARN_INT_CONVERSION = YES;
				CLANG_WARN_NON_LITERAL_NULL_CONVERSION = YES;
				CLANG_WARN_OBJC_LITERAL_CONVERSION = YES;
				CLANG_WARN_OBJC_ROOT_CLASS = YES_ERROR;
				CLANG_WARN_RANGE_LOOP_ANALYSIS = YES;
				CLANG_WARN_STRICT_PROTOTYPES = YES;
				CLANG_WARN_SUSPICIOUS_MOVE = YES;
				CLANG_WARN_UNGUARDED_AVAILABILITY = YES_AGGRESSIVE;
				CLANG_WARN_UNREACHABLE_CODE = YES;
				CLANG_WARN__DUPLICATE_METHOD_MATCH = YES;
				CODE_SIGN_IDENTITY = "iPhone Developer";
				COPY_PHASE_STRIP = NO;
				DEBUG_INFORMATION_FORMAT = "dwarf-with-dsym";
				ENABLE_NS_ASSERTIONS = NO;
				ENABLE_STRICT_OBJC_MSGSEND = YES;
				GCC_C_LANGUAGE_STANDARD = gnu11;
				GCC_NO_COMMON_BLOCKS = YES;
				GCC_WARN_64_TO_32_BIT_CONVERSION = YES;
				GCC_WARN_ABOUT_RETURN_TYPE = YES_ERROR;
				GCC_WARN_UNDECLARED_SELECTOR = YES;
				GCC_WARN_UNINITIALIZED_AUTOS = YES_AGGRESSIVE;
				GCC_WARN_UNUSED_FUNCTION = YES;
				GCC_WARN_UNUSED_VARIABLE = YES;
				IPHONEOS_DEPLOYMENT_TARGET = 11.0;
				MTL_ENABLE_DEBUG_INFO = NO;
				SDKROOT = iphoneos;
				SWIFT_OPTIMIZATION_LEVEL = "-Owholemodule";
				VALIDATE_PRODUCT = YES;
			};
			name = Release;
		};
		85C009461FB340DA00756247 /* Debug */ = {
			isa = XCBuildConfiguration;
			buildSettings = {
				ASSETCATALOG_COMPILER_APPICON_NAME = AppIcon;
				CODE_SIGN_STYLE = Automatic;
				DEVELOPMENT_TEAM = 3RHR7K3FP7;
				ENABLE_BITCODE = NO;
				FRAMEWORK_SEARCH_PATHS = (
					"$(inherited)",
					"$(PROJECT_DIR)/SocialMediaSharing/FacebookSDK",
				);
				INFOPLIST_FILE = SocialMediaSharing/Info.plist;
				IPHONEOS_DEPLOYMENT_TARGET = 10.0;
				LD_RUNPATH_SEARCH_PATHS = "$(inherited) @executable_path/Frameworks";
				PRODUCT_BUNDLE_IDENTIFIER = com.mallowtech.SocialMediaShare;
				PRODUCT_NAME = "$(TARGET_NAME)";
				SWIFT_OBJC_BRIDGING_HEADER = "SocialMediaSharing/SocialMediaSharing-Bridging-Header.h";
				SWIFT_VERSION = 4.0;
				TARGETED_DEVICE_FAMILY = "1,2";
			};
			name = Debug;
		};
		85C009471FB340DA00756247 /* Release */ = {
			isa = XCBuildConfiguration;
			buildSettings = {
				ASSETCATALOG_COMPILER_APPICON_NAME = AppIcon;
				CODE_SIGN_STYLE = Automatic;
				DEVELOPMENT_TEAM = 3RHR7K3FP7;
				ENABLE_BITCODE = NO;
				FRAMEWORK_SEARCH_PATHS = (
					"$(inherited)",
					"$(PROJECT_DIR)/SocialMediaSharing/FacebookSDK",
				);
				INFOPLIST_FILE = SocialMediaSharing/Info.plist;
				IPHONEOS_DEPLOYMENT_TARGET = 10.0;
				LD_RUNPATH_SEARCH_PATHS = "$(inherited) @executable_path/Frameworks";
				PRODUCT_BUNDLE_IDENTIFIER = com.mallowtech.SocialMediaShare;
				PRODUCT_NAME = "$(TARGET_NAME)";
				SWIFT_OBJC_BRIDGING_HEADER = "SocialMediaSharing/SocialMediaSharing-Bridging-Header.h";
				SWIFT_VERSION = 4.0;
				TARGETED_DEVICE_FAMILY = "1,2";
			};
			name = Release;
		};
/* End XCBuildConfiguration section */

/* Begin XCConfigurationList section */
		85C0092E1FB340D500756247 /* Build configuration list for PBXProject "SocialMediaSharing" */ = {
			isa = XCConfigurationList;
			buildConfigurations = (
				85C009431FB340DA00756247 /* Debug */,
				85C009441FB340DA00756247 /* Release */,
			);
			defaultConfigurationIsVisible = 0;
			defaultConfigurationName = Release;
		};
		85C009451FB340DA00756247 /* Build configuration list for PBXNativeTarget "SocialMediaSharing" */ = {
			isa = XCConfigurationList;
			buildConfigurations = (
				85C009461FB340DA00756247 /* Debug */,
				85C009471FB340DA00756247 /* Release */,
			);
			defaultConfigurationIsVisible = 0;
			defaultConfigurationName = Release;
		};
/* End XCConfigurationList section */
	};
	rootObject = 85C0092B1FB340D500756247 /* Project object */;
}
